// !$*UTF8*$!
{
	archiveVersion = 1;
	classes = {
	};
	objectVersion = 46;
	objects = {

/* Begin PBXBuildFile section */
		894C59491C248FCB009A0275 /* parsekeys.plist in Resources */ = {isa = PBXBuildFile; fileRef = 894C59481C248FCB009A0275 /* parsekeys.plist */; settings = {ASSET_TAGS = (); }; };
		894C594C1C24965C009A0275 /* LoginViewController.m in Sources */ = {isa = PBXBuildFile; fileRef = 894C594B1C24965C009A0275 /* LoginViewController.m */; settings = {ASSET_TAGS = (); }; };
		894C594F1C249677009A0275 /* SignupViewController.m in Sources */ = {isa = PBXBuildFile; fileRef = 894C594E1C249677009A0275 /* SignupViewController.m */; settings = {ASSET_TAGS = (); }; };
		894C59551C2750A6009A0275 /* EditFriendsViewController.m in Sources */ = {isa = PBXBuildFile; fileRef = 894C59541C2750A6009A0275 /* EditFriendsViewController.m */; settings = {ASSET_TAGS = (); }; };
		89EC6CBF1C2349CE0034A68F /* main.m in Sources */ = {isa = PBXBuildFile; fileRef = 89EC6CBE1C2349CE0034A68F /* main.m */; };
		89EC6CC21C2349CE0034A68F /* AppDelegate.m in Sources */ = {isa = PBXBuildFile; fileRef = 89EC6CC11C2349CE0034A68F /* AppDelegate.m */; };
		89EC6CC81C2349CE0034A68F /* Main.storyboard in Resources */ = {isa = PBXBuildFile; fileRef = 89EC6CC61C2349CE0034A68F /* Main.storyboard */; };
		89EC6CCA1C2349CE0034A68F /* Assets.xcassets in Resources */ = {isa = PBXBuildFile; fileRef = 89EC6CC91C2349CE0034A68F /* Assets.xcassets */; };
		89EC6CCD1C2349CE0034A68F /* LaunchScreen.storyboard in Resources */ = {isa = PBXBuildFile; fileRef = 89EC6CCB1C2349CE0034A68F /* LaunchScreen.storyboard */; };
		89EC6CD81C2349CE0034A68F /* RibbitTests.m in Sources */ = {isa = PBXBuildFile; fileRef = 89EC6CD71C2349CE0034A68F /* RibbitTests.m */; };
		89EC6CE31C2349CE0034A68F /* RibbitUITests.m in Sources */ = {isa = PBXBuildFile; fileRef = 89EC6CE21C2349CE0034A68F /* RibbitUITests.m */; };
		89EC6CF61C2351360034A68F /* camera.png in Resources */ = {isa = PBXBuildFile; fileRef = 89EC6CF01C2351360034A68F /* camera.png */; settings = {ASSET_TAGS = (); }; };
		89EC6CF71C2351360034A68F /* camera@2x.png in Resources */ = {isa = PBXBuildFile; fileRef = 89EC6CF11C2351360034A68F /* camera@2x.png */; settings = {ASSET_TAGS = (); }; };
		89EC6CF81C2351360034A68F /* friends.png in Resources */ = {isa = PBXBuildFile; fileRef = 89EC6CF21C2351360034A68F /* friends.png */; settings = {ASSET_TAGS = (); }; };
		89EC6CF91C2351360034A68F /* friends@2x.png in Resources */ = {isa = PBXBuildFile; fileRef = 89EC6CF31C2351360034A68F /* friends@2x.png */; settings = {ASSET_TAGS = (); }; };
		89EC6CFA1C2351360034A68F /* inbox.png in Resources */ = {isa = PBXBuildFile; fileRef = 89EC6CF41C2351360034A68F /* inbox.png */; settings = {ASSET_TAGS = (); }; };
		89EC6CFB1C2351360034A68F /* inbox@2x.png in Resources */ = {isa = PBXBuildFile; fileRef = 89EC6CF51C2351360034A68F /* inbox@2x.png */; settings = {ASSET_TAGS = (); }; };
		89EC6CFF1C235E4E0034A68F /* InboxViewController.m in Sources */ = {isa = PBXBuildFile; fileRef = 89EC6CFE1C235E4E0034A68F /* InboxViewController.m */; settings = {ASSET_TAGS = (); }; };
		89EC6D071C2482B10034A68F /* Bolts.framework in Frameworks */ = {isa = PBXBuildFile; fileRef = 89EC6D011C2482B10034A68F /* Bolts.framework */; settings = {ASSET_TAGS = (); }; };
		89EC6D081C2482B20034A68F /* Parse.framework in Frameworks */ = {isa = PBXBuildFile; fileRef = 89EC6D021C2482B10034A68F /* Parse.framework */; settings = {ASSET_TAGS = (); }; };
		89EC6D091C2482B20034A68F /* ParseFacebookUtils.framework in Frameworks */ = {isa = PBXBuildFile; fileRef = 89EC6D031C2482B10034A68F /* ParseFacebookUtils.framework */; settings = {ASSET_TAGS = (); }; };
		89EC6D0A1C2482B20034A68F /* ParseFacebookUtilsV4.framework in Frameworks */ = {isa = PBXBuildFile; fileRef = 89EC6D041C2482B10034A68F /* ParseFacebookUtilsV4.framework */; settings = {ASSET_TAGS = (); }; };
		89EC6D0B1C2482B20034A68F /* ParseTwitterUtils.framework in Frameworks */ = {isa = PBXBuildFile; fileRef = 89EC6D051C2482B10034A68F /* ParseTwitterUtils.framework */; settings = {ASSET_TAGS = (); }; };
		89EC6D0C1C2482B20034A68F /* ParseUI.framework in Frameworks */ = {isa = PBXBuildFile; fileRef = 89EC6D061C2482B10034A68F /* ParseUI.framework */; settings = {ASSET_TAGS = (); }; };
		89EC6D0E1C2483940034A68F /* AudioToolbox.framework in Frameworks */ = {isa = PBXBuildFile; fileRef = 89EC6D0D1C2483940034A68F /* AudioToolbox.framework */; };
		89EC6D101C24839D0034A68F /* CFNetwork.framework in Frameworks */ = {isa = PBXBuildFile; fileRef = 89EC6D0F1C24839D0034A68F /* CFNetwork.framework */; };
		89EC6D121C2483A60034A68F /* CoreGraphics.framework in Frameworks */ = {isa = PBXBuildFile; fileRef = 89EC6D111C2483A60034A68F /* CoreGraphics.framework */; };
		89EC6D141C2483AE0034A68F /* CoreLocation.framework in Frameworks */ = {isa = PBXBuildFile; fileRef = 89EC6D131C2483AE0034A68F /* CoreLocation.framework */; };
		89EC6D161C2483B90034A68F /* QuartzCore.framework in Frameworks */ = {isa = PBXBuildFile; fileRef = 89EC6D151C2483B90034A68F /* QuartzCore.framework */; };
		89EC6D181C2483C00034A68F /* Security.framework in Frameworks */ = {isa = PBXBuildFile; fileRef = 89EC6D171C2483C00034A68F /* Security.framework */; };
		89EC6D1A1C2483CA0034A68F /* StoreKit.framework in Frameworks */ = {isa = PBXBuildFile; fileRef = 89EC6D191C2483CA0034A68F /* StoreKit.framework */; };
		89EC6D1C1C2483D60034A68F /* SystemConfiguration.framework in Frameworks */ = {isa = PBXBuildFile; fileRef = 89EC6D1B1C2483D60034A68F /* SystemConfiguration.framework */; };
		89EC6D1E1C2483E20034A68F /* libz.tbd in Frameworks */ = {isa = PBXBuildFile; fileRef = 89EC6D1D1C2483E20034A68F /* libz.tbd */; };
		89EC6D201C2483F00034A68F /* libsqlite3.tbd in Frameworks */ = {isa = PBXBuildFile; fileRef = 89EC6D1F1C2483F00034A68F /* libsqlite3.tbd */; };
/* End PBXBuildFile section */

/* Begin PBXContainerItemProxy section */
		89EC6CD41C2349CE0034A68F /* PBXContainerItemProxy */ = {
			isa = PBXContainerItemProxy;
			containerPortal = 89EC6CB21C2349CE0034A68F /* Project object */;
			proxyType = 1;
			remoteGlobalIDString = 89EC6CB91C2349CE0034A68F;
			remoteInfo = Ribbit;
		};
		89EC6CDF1C2349CE0034A68F /* PBXContainerItemProxy */ = {
			isa = PBXContainerItemProxy;
			containerPortal = 89EC6CB21C2349CE0034A68F /* Project object */;
			proxyType = 1;
			remoteGlobalIDString = 89EC6CB91C2349CE0034A68F;
			remoteInfo = Ribbit;
		};
/* End PBXContainerItemProxy section */

/* Begin PBXFileReference section */
		894C59481C248FCB009A0275 /* parsekeys.plist */ = {isa = PBXFileReference; fileEncoding = 4; lastKnownFileType = text.plist.xml; path = parsekeys.plist; sourceTree = "<group>"; };
		894C594A1C24965C009A0275 /* LoginViewController.h */ = {isa = PBXFileReference; fileEncoding = 4; lastKnownFileType = sourcecode.c.h; path = LoginViewController.h; sourceTree = "<group>"; };
		894C594B1C24965C009A0275 /* LoginViewController.m */ = {isa = PBXFileReference; fileEncoding = 4; lastKnownFileType = sourcecode.c.objc; path = LoginViewController.m; sourceTree = "<group>"; };
		894C594D1C249677009A0275 /* SignupViewController.h */ = {isa = PBXFileReference; fileEncoding = 4; lastKnownFileType = sourcecode.c.h; path = SignupViewController.h; sourceTree = "<group>"; };
		894C594E1C249677009A0275 /* SignupViewController.m */ = {isa = PBXFileReference; fileEncoding = 4; lastKnownFileType = sourcecode.c.objc; path = SignupViewController.m; sourceTree = "<group>"; };
		894C59531C2750A6009A0275 /* EditFriendsViewController.h */ = {isa = PBXFileReference; fileEncoding = 4; lastKnownFileType = sourcecode.c.h; name = EditFriendsViewController.h; path = ../EditFriendsViewController.h; sourceTree = "<group>"; };
		894C59541C2750A6009A0275 /* EditFriendsViewController.m */ = {isa = PBXFileReference; fileEncoding = 4; lastKnownFileType = sourcecode.c.objc; name = EditFriendsViewController.m; path = ../EditFriendsViewController.m; sourceTree = "<group>"; };
		89EC6CBA1C2349CE0034A68F /* Ribbit.app */ = {isa = PBXFileReference; explicitFileType = wrapper.application; includeInIndex = 0; path = Ribbit.app; sourceTree = BUILT_PRODUCTS_DIR; };
		89EC6CBE1C2349CE0034A68F /* main.m */ = {isa = PBXFileReference; lastKnownFileType = sourcecode.c.objc; path = main.m; sourceTree = "<group>"; };
		89EC6CC01C2349CE0034A68F /* AppDelegate.h */ = {isa = PBXFileReference; lastKnownFileType = sourcecode.c.h; path = AppDelegate.h; sourceTree = "<group>"; };
		89EC6CC11C2349CE0034A68F /* AppDelegate.m */ = {isa = PBXFileReference; lastKnownFileType = sourcecode.c.objc; path = AppDelegate.m; sourceTree = "<group>"; };
		89EC6CC71C2349CE0034A68F /* Base */ = {isa = PBXFileReference; lastKnownFileType = file.storyboard; name = Base; path = Base.lproj/Main.storyboard; sourceTree = "<group>"; };
		89EC6CC91C2349CE0034A68F /* Assets.xcassets */ = {isa = PBXFileReference; lastKnownFileType = folder.assetcatalog; path = Assets.xcassets; sourceTree = "<group>"; };
		89EC6CCC1C2349CE0034A68F /* Base */ = {isa = PBXFileReference; lastKnownFileType = file.storyboard; name = Base; path = Base.lproj/LaunchScreen.storyboard; sourceTree = "<group>"; };
		89EC6CCE1C2349CE0034A68F /* Info.plist */ = {isa = PBXFileReference; lastKnownFileType = text.plist.xml; path = Info.plist; sourceTree = "<group>"; };
		89EC6CD31C2349CE0034A68F /* RibbitTests.xctest */ = {isa = PBXFileReference; explicitFileType = wrapper.cfbundle; includeInIndex = 0; path = RibbitTests.xctest; sourceTree = BUILT_PRODUCTS_DIR; };
		89EC6CD71C2349CE0034A68F /* RibbitTests.m */ = {isa = PBXFileReference; lastKnownFileType = sourcecode.c.objc; path = RibbitTests.m; sourceTree = "<group>"; };
		89EC6CD91C2349CE0034A68F /* Info.plist */ = {isa = PBXFileReference; lastKnownFileType = text.plist.xml; path = Info.plist; sourceTree = "<group>"; };
		89EC6CDE1C2349CE0034A68F /* RibbitUITests.xctest */ = {isa = PBXFileReference; explicitFileType = wrapper.cfbundle; includeInIndex = 0; path = RibbitUITests.xctest; sourceTree = BUILT_PRODUCTS_DIR; };
		89EC6CE21C2349CE0034A68F /* RibbitUITests.m */ = {isa = PBXFileReference; lastKnownFileType = sourcecode.c.objc; path = RibbitUITests.m; sourceTree = "<group>"; };
		89EC6CE41C2349CE0034A68F /* Info.plist */ = {isa = PBXFileReference; lastKnownFileType = text.plist.xml; path = Info.plist; sourceTree = "<group>"; };
		89EC6CF01C2351360034A68F /* camera.png */ = {isa = PBXFileReference; lastKnownFileType = image.png; name = camera.png; path = tab_bar_icons/camera.png; sourceTree = "<group>"; };
		89EC6CF11C2351360034A68F /* camera@2x.png */ = {isa = PBXFileReference; lastKnownFileType = image.png; name = "camera@2x.png"; path = "tab_bar_icons/camera@2x.png"; sourceTree = "<group>"; };
		89EC6CF21C2351360034A68F /* friends.png */ = {isa = PBXFileReference; lastKnownFileType = image.png; name = friends.png; path = tab_bar_icons/friends.png; sourceTree = "<group>"; };
		89EC6CF31C2351360034A68F /* friends@2x.png */ = {isa = PBXFileReference; lastKnownFileType = image.png; name = "friends@2x.png"; path = "tab_bar_icons/friends@2x.png"; sourceTree = "<group>"; };
		89EC6CF41C2351360034A68F /* inbox.png */ = {isa = PBXFileReference; lastKnownFileType = image.png; name = inbox.png; path = tab_bar_icons/inbox.png; sourceTree = "<group>"; };
		89EC6CF51C2351360034A68F /* inbox@2x.png */ = {isa = PBXFileReference; lastKnownFileType = image.png; name = "inbox@2x.png"; path = "tab_bar_icons/inbox@2x.png"; sourceTree = "<group>"; };
		89EC6CFD1C235E4E0034A68F /* InboxViewController.h */ = {isa = PBXFileReference; fileEncoding = 4; lastKnownFileType = sourcecode.c.h; path = InboxViewController.h; sourceTree = "<group>"; };
		89EC6CFE1C235E4E0034A68F /* InboxViewController.m */ = {isa = PBXFileReference; fileEncoding = 4; lastKnownFileType = sourcecode.c.objc; path = InboxViewController.m; sourceTree = "<group>"; };
		89EC6D011C2482B10034A68F /* Bolts.framework */ = {isa = PBXFileReference; lastKnownFileType = wrapper.framework; path = Bolts.framework; sourceTree = "<group>"; };
		89EC6D021C2482B10034A68F /* Parse.framework */ = {isa = PBXFileReference; lastKnownFileType = wrapper.framework; path = Parse.framework; sourceTree = "<group>"; };
		89EC6D031C2482B10034A68F /* ParseFacebookUtils.framework */ = {isa = PBXFileReference; lastKnownFileType = wrapper.framework; path = ParseFacebookUtils.framework; sourceTree = "<group>"; };
		89EC6D041C2482B10034A68F /* ParseFacebookUtilsV4.framework */ = {isa = PBXFileReference; lastKnownFileType = wrapper.framework; path = ParseFacebookUtilsV4.framework; sourceTree = "<group>"; };
		89EC6D051C2482B10034A68F /* ParseTwitterUtils.framework */ = {isa = PBXFileReference; lastKnownFileType = wrapper.framework; path = ParseTwitterUtils.framework; sourceTree = "<group>"; };
		89EC6D061C2482B10034A68F /* ParseUI.framework */ = {isa = PBXFileReference; lastKnownFileType = wrapper.framework; path = ParseUI.framework; sourceTree = "<group>"; };
		89EC6D0D1C2483940034A68F /* AudioToolbox.framework */ = {isa = PBXFileReference; lastKnownFileType = wrapper.framework; name = AudioToolbox.framework; path = System/Library/Frameworks/AudioToolbox.framework; sourceTree = SDKROOT; };
		89EC6D0F1C24839D0034A68F /* CFNetwork.framework */ = {isa = PBXFileReference; lastKnownFileType = wrapper.framework; name = CFNetwork.framework; path = System/Library/Frameworks/CFNetwork.framework; sourceTree = SDKROOT; };
		89EC6D111C2483A60034A68F /* CoreGraphics.framework */ = {isa = PBXFileReference; lastKnownFileType = wrapper.framework; name = CoreGraphics.framework; path = System/Library/Frameworks/CoreGraphics.framework; sourceTree = SDKROOT; };
		89EC6D131C2483AE0034A68F /* CoreLocation.framework */ = {isa = PBXFileReference; lastKnownFileType = wrapper.framework; name = CoreLocation.framework; path = System/Library/Frameworks/CoreLocation.framework; sourceTree = SDKROOT; };
		89EC6D151C2483B90034A68F /* QuartzCore.framework */ = {isa = PBXFileReference; lastKnownFileType = wrapper.framework; name = QuartzCore.framework; path = System/Library/Frameworks/QuartzCore.framework; sourceTree = SDKROOT; };
		89EC6D171C2483C00034A68F /* Security.framework */ = {isa = PBXFileReference; lastKnownFileType = wrapper.framework; name = Security.framework; path = System/Library/Frameworks/Security.framework; sourceTree = SDKROOT; };
		89EC6D191C2483CA0034A68F /* StoreKit.framework */ = {isa = PBXFileReference; lastKnownFileType = wrapper.framework; name = StoreKit.framework; path = System/Library/Frameworks/StoreKit.framework; sourceTree = SDKROOT; };
		89EC6D1B1C2483D60034A68F /* SystemConfiguration.framework */ = {isa = PBXFileReference; lastKnownFileType = wrapper.framework; name = SystemConfiguration.framework; path = System/Library/Frameworks/SystemConfiguration.framework; sourceTree = SDKROOT; };
		89EC6D1D1C2483E20034A68F /* libz.tbd */ = {isa = PBXFileReference; lastKnownFileType = "sourcecode.text-based-dylib-definition"; name = libz.tbd; path = usr/lib/libz.tbd; sourceTree = SDKROOT; };
		89EC6D1F1C2483F00034A68F /* libsqlite3.tbd */ = {isa = PBXFileReference; lastKnownFileType = "sourcecode.text-based-dylib-definition"; name = libsqlite3.tbd; path = usr/lib/libsqlite3.tbd; sourceTree = SDKROOT; };
/* End PBXFileReference section */

/* Begin PBXFrameworksBuildPhase section */
		89EC6CB71C2349CE0034A68F /* Frameworks */ = {
			isa = PBXFrameworksBuildPhase;
			buildActionMask = 2147483647;
			files = (
				89EC6D201C2483F00034A68F /* libsqlite3.tbd in Frameworks */,
				89EC6D1E1C2483E20034A68F /* libz.tbd in Frameworks */,
				89EC6D1C1C2483D60034A68F /* SystemConfiguration.framework in Frameworks */,
				89EC6D1A1C2483CA0034A68F /* StoreKit.framework in Frameworks */,
				89EC6D181C2483C00034A68F /* Security.framework in Frameworks */,
				89EC6D161C2483B90034A68F /* QuartzCore.framework in Frameworks */,
				89EC6D141C2483AE0034A68F /* CoreLocation.framework in Frameworks */,
				89EC6D121C2483A60034A68F /* CoreGraphics.framework in Frameworks */,
				89EC6D101C24839D0034A68F /* CFNetwork.framework in Frameworks */,
				89EC6D0E1C2483940034A68F /* AudioToolbox.framework in Frameworks */,
				89EC6D0C1C2482B20034A68F /* ParseUI.framework in Frameworks */,
				89EC6D081C2482B20034A68F /* Parse.framework in Frameworks */,
				89EC6D071C2482B10034A68F /* Bolts.framework in Frameworks */,
				89EC6D0A1C2482B20034A68F /* ParseFacebookUtilsV4.framework in Frameworks */,
				89EC6D091C2482B20034A68F /* ParseFacebookUtils.framework in Frameworks */,
				89EC6D0B1C2482B20034A68F /* ParseTwitterUtils.framework in Frameworks */,
			);
			runOnlyForDeploymentPostprocessing = 0;
		};
		89EC6CD01C2349CE0034A68F /* Frameworks */ = {
			isa = PBXFrameworksBuildPhase;
			buildActionMask = 2147483647;
			files = (
			);
			runOnlyForDeploymentPostprocessing = 0;
		};
		89EC6CDB1C2349CE0034A68F /* Frameworks */ = {
			isa = PBXFrameworksBuildPhase;
			buildActionMask = 2147483647;
			files = (
			);
			runOnlyForDeploymentPostprocessing = 0;
		};
/* End PBXFrameworksBuildPhase section */

/* Begin PBXGroup section */
		89EC6CB11C2349CE0034A68F = {
			isa = PBXGroup;
			children = (
				89EC6D211C24840B0034A68F /* Frameworks */,
				89EC6CFC1C2351740034A68F /* Images */,
				89EC6CBC1C2349CE0034A68F /* Ribbit */,
				89EC6CD61C2349CE0034A68F /* RibbitTests */,
				89EC6CE11C2349CE0034A68F /* RibbitUITests */,
				89EC6CBB1C2349CE0034A68F /* Products */,
			);
			sourceTree = "<group>";
		};
		89EC6CBB1C2349CE0034A68F /* Products */ = {
			isa = PBXGroup;
			children = (
				89EC6CBA1C2349CE0034A68F /* Ribbit.app */,
				89EC6CD31C2349CE0034A68F /* RibbitTests.xctest */,
				89EC6CDE1C2349CE0034A68F /* RibbitUITests.xctest */,
			);
			name = Products;
			sourceTree = "<group>";
		};
		89EC6CBC1C2349CE0034A68F /* Ribbit */ = {
			isa = PBXGroup;
			children = (
				89EC6CC01C2349CE0034A68F /* AppDelegate.h */,
				89EC6CC11C2349CE0034A68F /* AppDelegate.m */,
				89EC6CC61C2349CE0034A68F /* Main.storyboard */,
				894C59531C2750A6009A0275 /* EditFriendsViewController.h */,
				894C59541C2750A6009A0275 /* EditFriendsViewController.m */,
				894C594A1C24965C009A0275 /* LoginViewController.h */,
				894C594B1C24965C009A0275 /* LoginViewController.m */,
				894C594D1C249677009A0275 /* SignupViewController.h */,
				894C594E1C249677009A0275 /* SignupViewController.m */,
				89EC6CFD1C235E4E0034A68F /* InboxViewController.h */,
				89EC6CFE1C235E4E0034A68F /* InboxViewController.m */,
				89EC6CC91C2349CE0034A68F /* Assets.xcassets */,
				89EC6CCB1C2349CE0034A68F /* LaunchScreen.storyboard */,
				89EC6CCE1C2349CE0034A68F /* Info.plist */,
				894C59481C248FCB009A0275 /* parsekeys.plist */,
				89EC6CBD1C2349CE0034A68F /* Supporting Files */,
			);
			path = Ribbit;
			sourceTree = "<group>";
		};
		89EC6CBD1C2349CE0034A68F /* Supporting Files */ = {
			isa = PBXGroup;
			children = (
				89EC6CBE1C2349CE0034A68F /* main.m */,
			);
			name = "Supporting Files";
			sourceTree = "<group>";
		};
		89EC6CD61C2349CE0034A68F /* RibbitTests */ = {
			isa = PBXGroup;
			children = (
				89EC6CD71C2349CE0034A68F /* RibbitTests.m */,
				89EC6CD91C2349CE0034A68F /* Info.plist */,
			);
			path = RibbitTests;
			sourceTree = "<group>";
		};
		89EC6CE11C2349CE0034A68F /* RibbitUITests */ = {
			isa = PBXGroup;
			children = (
				89EC6CE21C2349CE0034A68F /* RibbitUITests.m */,
				89EC6CE41C2349CE0034A68F /* Info.plist */,
			);
			path = RibbitUITests;
			sourceTree = "<group>";
		};
		89EC6CFC1C2351740034A68F /* Images */ = {
			isa = PBXGroup;
			children = (
				89EC6CF01C2351360034A68F /* camera.png */,
				89EC6CF11C2351360034A68F /* camera@2x.png */,
				89EC6CF21C2351360034A68F /* friends.png */,
				89EC6CF31C2351360034A68F /* friends@2x.png */,
				89EC6CF41C2351360034A68F /* inbox.png */,
				89EC6CF51C2351360034A68F /* inbox@2x.png */,
			);
			name = Images;
			sourceTree = "<group>";
		};
		89EC6D001C2482B10034A68F /* parse-library-1.11.0 */ = {
			isa = PBXGroup;
			children = (
				89EC6D011C2482B10034A68F /* Bolts.framework */,
				89EC6D021C2482B10034A68F /* Parse.framework */,
				89EC6D031C2482B10034A68F /* ParseFacebookUtils.framework */,
				89EC6D041C2482B10034A68F /* ParseFacebookUtilsV4.framework */,
				89EC6D051C2482B10034A68F /* ParseTwitterUtils.framework */,
				89EC6D061C2482B10034A68F /* ParseUI.framework */,
			);
			path = "parse-library-1.11.0";
			sourceTree = "<group>";
		};
		89EC6D211C24840B0034A68F /* Frameworks */ = {
			isa = PBXGroup;
			children = (
				89EC6D1F1C2483F00034A68F /* libsqlite3.tbd */,
				89EC6D1D1C2483E20034A68F /* libz.tbd */,
				89EC6D1B1C2483D60034A68F /* SystemConfiguration.framework */,
				89EC6D191C2483CA0034A68F /* StoreKit.framework */,
				89EC6D171C2483C00034A68F /* Security.framework */,
				89EC6D151C2483B90034A68F /* QuartzCore.framework */,
				89EC6D131C2483AE0034A68F /* CoreLocation.framework */,
				89EC6D111C2483A60034A68F /* CoreGraphics.framework */,
				89EC6D0F1C24839D0034A68F /* CFNetwork.framework */,
				89EC6D0D1C2483940034A68F /* AudioToolbox.framework */,
				89EC6D001C2482B10034A68F /* parse-library-1.11.0 */,
			);
			name = Frameworks;
			sourceTree = "<group>";
		};
/* End PBXGroup section */

/* Begin PBXNativeTarget section */
		89EC6CB91C2349CE0034A68F /* Ribbit */ = {
			isa = PBXNativeTarget;
			buildConfigurationList = 89EC6CE71C2349CE0034A68F /* Build configuration list for PBXNativeTarget "Ribbit" */;
			buildPhases = (
				89EC6CB61C2349CE0034A68F /* Sources */,
				89EC6CB71C2349CE0034A68F /* Frameworks */,
				89EC6CB81C2349CE0034A68F /* Resources */,
			);
			buildRules = (
			);
			dependencies = (
			);
			name = Ribbit;
			productName = Ribbit;
			productReference = 89EC6CBA1C2349CE0034A68F /* Ribbit.app */;
			productType = "com.apple.product-type.application";
		};
		89EC6CD21C2349CE0034A68F /* RibbitTests */ = {
			isa = PBXNativeTarget;
			buildConfigurationList = 89EC6CEA1C2349CE0034A68F /* Build configuration list for PBXNativeTarget "RibbitTests" */;
			buildPhases = (
				89EC6CCF1C2349CE0034A68F /* Sources */,
				89EC6CD01C2349CE0034A68F /* Frameworks */,
				89EC6CD11C2349CE0034A68F /* Resources */,
			);
			buildRules = (
			);
			dependencies = (
				89EC6CD51C2349CE0034A68F /* PBXTargetDependency */,
			);
			name = RibbitTests;
			productName = RibbitTests;
			productReference = 89EC6CD31C2349CE0034A68F /* RibbitTests.xctest */;
			productType = "com.apple.product-type.bundle.unit-test";
		};
		89EC6CDD1C2349CE0034A68F /* RibbitUITests */ = {
			isa = PBXNativeTarget;
			buildConfigurationList = 89EC6CED1C2349CE0034A68F /* Build configuration list for PBXNativeTarget "RibbitUITests" */;
			buildPhases = (
				89EC6CDA1C2349CE0034A68F /* Sources */,
				89EC6CDB1C2349CE0034A68F /* Frameworks */,
				89EC6CDC1C2349CE0034A68F /* Resources */,
			);
			buildRules = (
			);
			dependencies = (
				89EC6CE01C2349CE0034A68F /* PBXTargetDependency */,
			);
			name = RibbitUITests;
			productName = RibbitUITests;
			productReference = 89EC6CDE1C2349CE0034A68F /* RibbitUITests.xctest */;
			productType = "com.apple.product-type.bundle.ui-testing";
		};
/* End PBXNativeTarget section */

/* Begin PBXProject section */
		89EC6CB21C2349CE0034A68F /* Project object */ = {
			isa = PBXProject;
			attributes = {
				LastUpgradeCheck = 0700;
				ORGANIZATIONNAME = "Chloe Horgan";
				TargetAttributes = {
					89EC6CB91C2349CE0034A68F = {
						CreatedOnToolsVersion = 7.0;
					};
					89EC6CD21C2349CE0034A68F = {
						CreatedOnToolsVersion = 7.0;
						TestTargetID = 89EC6CB91C2349CE0034A68F;
					};
					89EC6CDD1C2349CE0034A68F = {
						CreatedOnToolsVersion = 7.0;
						TestTargetID = 89EC6CB91C2349CE0034A68F;
					};
				};
			};
			buildConfigurationList = 89EC6CB51C2349CE0034A68F /* Build configuration list for PBXProject "Ribbit" */;
			compatibilityVersion = "Xcode 3.2";
			developmentRegion = English;
			hasScannedForEncodings = 0;
			knownRegions = (
				en,
				Base,
			);
			mainGroup = 89EC6CB11C2349CE0034A68F;
			productRefGroup = 89EC6CBB1C2349CE0034A68F /* Products */;
			projectDirPath = "";
			projectRoot = "";
			targets = (
				89EC6CB91C2349CE0034A68F /* Ribbit */,
				89EC6CD21C2349CE0034A68F /* RibbitTests */,
				89EC6CDD1C2349CE0034A68F /* RibbitUITests */,
			);
		};
/* End PBXProject section */

/* Begin PBXResourcesBuildPhase section */
		89EC6CB81C2349CE0034A68F /* Resources */ = {
			isa = PBXResourcesBuildPhase;
			buildActionMask = 2147483647;
			files = (
				894C59491C248FCB009A0275 /* parsekeys.plist in Resources */,
				89EC6CCD1C2349CE0034A68F /* LaunchScreen.storyboard in Resources */,
				89EC6CF81C2351360034A68F /* friends.png in Resources */,
				89EC6CF91C2351360034A68F /* friends@2x.png in Resources */,
				89EC6CF71C2351360034A68F /* camera@2x.png in Resources */,
				89EC6CFA1C2351360034A68F /* inbox.png in Resources */,
				89EC6CCA1C2349CE0034A68F /* Assets.xcassets in Resources */,
				89EC6CF61C2351360034A68F /* camera.png in Resources */,
				89EC6CC81C2349CE0034A68F /* Main.storyboard in Resources */,
				89EC6CFB1C2351360034A68F /* inbox@2x.png in Resources */,
			);
			runOnlyForDeploymentPostprocessing = 0;
		};
		89EC6CD11C2349CE0034A68F /* Resources */ = {
			isa = PBXResourcesBuildPhase;
			buildActionMask = 2147483647;
			files = (
			);
			runOnlyForDeploymentPostprocessing = 0;
		};
		89EC6CDC1C2349CE0034A68F /* Resources */ = {
			isa = PBXResourcesBuildPhase;
			buildActionMask = 2147483647;
			files = (
			);
			runOnlyForDeploymentPostprocessing = 0;
		};
/* End PBXResourcesBuildPhase section */

/* Begin PBXSourcesBuildPhase section */
		89EC6CB61C2349CE0034A68F /* Sources */ = {
			isa = PBXSourcesBuildPhase;
			buildActionMask = 2147483647;
			files = (
				894C594C1C24965C009A0275 /* LoginViewController.m in Sources */,
				89EC6CC21C2349CE0034A68F /* AppDelegate.m in Sources */,
				89EC6CBF1C2349CE0034A68F /* main.m in Sources */,
				89EC6CFF1C235E4E0034A68F /* InboxViewController.m in Sources */,
				894C59551C2750A6009A0275 /* EditFriendsViewController.m in Sources */,
				894C594F1C249677009A0275 /* SignupViewController.m in Sources */,
			);
			runOnlyForDeploymentPostprocessing = 0;
		};
		89EC6CCF1C2349CE0034A68F /* Sources */ = {
			isa = PBXSourcesBuildPhase;
			buildActionMask = 2147483647;
			files = (
				89EC6CD81C2349CE0034A68F /* RibbitTests.m in Sources */,
			);
			runOnlyForDeploymentPostprocessing = 0;
		};
		89EC6CDA1C2349CE0034A68F /* Sources */ = {
			isa = PBXSourcesBuildPhase;
			buildActionMask = 2147483647;
			files = (
				89EC6CE31C2349CE0034A68F /* RibbitUITests.m in Sources */,
			);
			runOnlyForDeploymentPostprocessing = 0;
		};
/* End PBXSourcesBuildPhase section */

/* Begin PBXTargetDependency section */
		89EC6CD51C2349CE0034A68F /* PBXTargetDependency */ = {
			isa = PBXTargetDependency;
			target = 89EC6CB91C2349CE0034A68F /* Ribbit */;
			targetProxy = 89EC6CD41C2349CE0034A68F /* PBXContainerItemProxy */;
		};
		89EC6CE01C2349CE0034A68F /* PBXTargetDependency */ = {
			isa = PBXTargetDependency;
			target = 89EC6CB91C2349CE0034A68F /* Ribbit */;
			targetProxy = 89EC6CDF1C2349CE0034A68F /* PBXContainerItemProxy */;
		};
/* End PBXTargetDependency section */

/* Begin PBXVariantGroup section */
		89EC6CC61C2349CE0034A68F /* Main.storyboard */ = {
			isa = PBXVariantGroup;
			children = (
				89EC6CC71C2349CE0034A68F /* Base */,
			);
			name = Main.storyboard;
			sourceTree = "<group>";
		};
		89EC6CCB1C2349CE0034A68F /* LaunchScreen.storyboard */ = {
			isa = PBXVariantGroup;
			children = (
				89EC6CCC1C2349CE0034A68F /* Base */,
			);
			name = LaunchScreen.storyboard;
			sourceTree = "<group>";
		};
/* End PBXVariantGroup section */

/* Begin XCBuildConfiguration section */
		89EC6CE51C2349CE0034A68F /* Debug */ = {
			isa = XCBuildConfiguration;
			buildSettings = {
				ALWAYS_SEARCH_USER_PATHS = NO;
				CLANG_CXX_LANGUAGE_STANDARD = "gnu++0x";
				CLANG_CXX_LIBRARY = "libc++";
				CLANG_ENABLE_MODULES = YES;
				CLANG_ENABLE_OBJC_ARC = YES;
				CLANG_WARN_BOOL_CONVERSION = YES;
				CLANG_WARN_CONSTANT_CONVERSION = YES;
				CLANG_WARN_DIRECT_OBJC_ISA_USAGE = YES_ERROR;
				CLANG_WARN_EMPTY_BODY = YES;
				CLANG_WARN_ENUM_CONVERSION = YES;
				CLANG_WARN_INT_CONVERSION = YES;
				CLANG_WARN_OBJC_ROOT_CLASS = YES_ERROR;
				CLANG_WARN_UNREACHABLE_CODE = YES;
				CLANG_WARN__DUPLICATE_METHOD_MATCH = YES;
				"CODE_SIGN_IDENTITY[sdk=iphoneos*]" = "iPhone Developer";
				COPY_PHASE_STRIP = NO;
				DEBUG_INFORMATION_FORMAT = dwarf;
				ENABLE_STRICT_OBJC_MSGSEND = YES;
				ENABLE_TESTABILITY = YES;
				GCC_C_LANGUAGE_STANDARD = gnu99;
				GCC_DYNAMIC_NO_PIC = NO;
				GCC_NO_COMMON_BLOCKS = YES;
				GCC_OPTIMIZATION_LEVEL = 0;
				GCC_PREPROCESSOR_DEFINITIONS = (
					"DEBUG=1",
					"$(inherited)",
				);
				GCC_WARN_64_TO_32_BIT_CONVERSION = YES;
				GCC_WARN_ABOUT_RETURN_TYPE = YES_ERROR;
				GCC_WARN_UNDECLARED_SELECTOR = YES;
				GCC_WARN_UNINITIALIZED_AUTOS = YES_AGGRESSIVE;
				GCC_WARN_UNUSED_FUNCTION = YES;
				GCC_WARN_UNUSED_VARIABLE = YES;
				IPHONEOS_DEPLOYMENT_TARGET = 9.0;
				MTL_ENABLE_DEBUG_INFO = YES;
				ONLY_ACTIVE_ARCH = YES;
				SDKROOT = iphoneos;
			};
			name = Debug;
		};
		89EC6CE61C2349CE0034A68F /* Release */ = {
			isa = XCBuildConfiguration;
			buildSettings = {
				ALWAYS_SEARCH_USER_PATHS = NO;
				CLANG_CXX_LANGUAGE_STANDARD = "gnu++0x";
				CLANG_CXX_LIBRARY = "libc++";
				CLANG_ENABLE_MODULES = YES;
				CLANG_ENABLE_OBJC_ARC = YES;
				CLANG_WARN_BOOL_CONVERSION = YES;
				CLANG_WARN_CONSTANT_CONVERSION = YES;
				CLANG_WARN_DIRECT_OBJC_ISA_USAGE = YES_ERROR;
				CLANG_WARN_EMPTY_BODY = YES;
				CLANG_WARN_ENUM_CONVERSION = YES;
				CLANG_WARN_INT_CONVERSION = YES;
				CLANG_WARN_OBJC_ROOT_CLASS = YES_ERROR;
				CLANG_WARN_UNREACHABLE_CODE = YES;
				CLANG_WARN__DUPLICATE_METHOD_MATCH = YES;
				"CODE_SIGN_IDENTITY[sdk=iphoneos*]" = "iPhone Developer";
				COPY_PHASE_STRIP = NO;
				DEBUG_INFORMATION_FORMAT = "dwarf-with-dsym";
				ENABLE_NS_ASSERTIONS = NO;
				ENABLE_STRICT_OBJC_MSGSEND = YES;
				GCC_C_LANGUAGE_STANDARD = gnu99;
				GCC_NO_COMMON_BLOCKS = YES;
				GCC_WARN_64_TO_32_BIT_CONVERSION = YES;
				GCC_WARN_ABOUT_RETURN_TYPE = YES_ERROR;
				GCC_WARN_UNDECLARED_SELECTOR = YES;
				GCC_WARN_UNINITIALIZED_AUTOS = YES_AGGRESSIVE;
				GCC_WARN_UNUSED_FUNCTION = YES;
				GCC_WARN_UNUSED_VARIABLE = YES;
				IPHONEOS_DEPLOYMENT_TARGET = 9.0;
				MTL_ENABLE_DEBUG_INFO = NO;
				SDKROOT = iphoneos;
				VALIDATE_PRODUCT = YES;
			};
			name = Release;
		};
		89EC6CE81C2349CE0034A68F /* Debug */ = {
			isa = XCBuildConfiguration;
			buildSettings = {
				ASSETCATALOG_COMPILER_APPICON_NAME = AppIcon;
				FRAMEWORK_SEARCH_PATHS = (
					"$(inherited)",
					"$(PROJECT_DIR)/parse-library-1.11.0",
				);
				INFOPLIST_FILE = Ribbit/Info.plist;
				LD_RUNPATH_SEARCH_PATHS = "$(inherited) @executable_path/Frameworks";
				PRODUCT_BUNDLE_IDENTIFIER = com.chloehorgan.Ribbit;
				PRODUCT_NAME = "$(TARGET_NAME)";
			};
			name = Debug;
		};
		89EC6CE91C2349CE0034A68F /* Release */ = {
			isa = XCBuildConfiguration;
			buildSettings = {
				ASSETCATALOG_COMPILER_APPICON_NAME = AppIcon;
				FRAMEWORK_SEARCH_PATHS = (
					"$(inherited)",
					"$(PROJECT_DIR)/parse-library-1.11.0",
				);
				INFOPLIST_FILE = Ribbit/Info.plist;
				LD_RUNPATH_SEARCH_PATHS = "$(inherited) @executable_path/Frameworks";
				PRODUCT_BUNDLE_IDENTIFIER = com.chloehorgan.Ribbit;
				PRODUCT_NAME = "$(TARGET_NAME)";
			};
			name = Release;
		};
		89EC6CEB1C2349CE0034A68F /* Debug */ = {
			isa = XCBuildConfiguration;
			buildSettings = {
				BUNDLE_LOADER = "$(TEST_HOST)";
				INFOPLIST_FILE = RibbitTests/Info.plist;
				LD_RUNPATH_SEARCH_PATHS = "$(inherited) @executable_path/Frameworks @loader_path/Frameworks";
				PRODUCT_BUNDLE_IDENTIFIER = com.chloehorgan.RibbitTests;
				PRODUCT_NAME = "$(TARGET_NAME)";
				TEST_HOST = "$(BUILT_PRODUCTS_DIR)/Ribbit.app/Ribbit";
			};
			name = Debug;
		};
		89EC6CEC1C2349CE0034A68F /* Release */ = {
			isa = XCBuildConfiguration;
			buildSettings = {
				BUNDLE_LOADER = "$(TEST_HOST)";
				INFOPLIST_FILE = RibbitTests/Info.plist;
				LD_RUNPATH_SEARCH_PATHS = "$(inherited) @executable_path/Frameworks @loader_path/Frameworks";
				PRODUCT_BUNDLE_IDENTIFIER = com.chloehorgan.RibbitTests;
				PRODUCT_NAME = "$(TARGET_NAME)";
				TEST_HOST = "$(BUILT_PRODUCTS_DIR)/Ribbit.app/Ribbit";
			};
			name = Release;
		};
		89EC6CEE1C2349CE0034A68F /* Debug */ = {
			isa = XCBuildConfiguration;
			buildSettings = {
				INFOPLIST_FILE = RibbitUITests/Info.plist;
				LD_RUNPATH_SEARCH_PATHS = "$(inherited) @executable_path/Frameworks @loader_path/Frameworks";
				PRODUCT_BUNDLE_IDENTIFIER = com.chloehorgan.RibbitUITests;
				PRODUCT_NAME = "$(TARGET_NAME)";
				TEST_TARGET_NAME = Ribbit;
				USES_XCTRUNNER = YES;
			};
			name = Debug;
		};
		89EC6CEF1C2349CE0034A68F /* Release */ = {
			isa = XCBuildConfiguration;
			buildSettings = {
				INFOPLIST_FILE = RibbitUITests/Info.plist;
				LD_RUNPATH_SEARCH_PATHS = "$(inherited) @executable_path/Frameworks @loader_path/Frameworks";
				PRODUCT_BUNDLE_IDENTIFIER = com.chloehorgan.RibbitUITests;
				PRODUCT_NAME = "$(TARGET_NAME)";
				TEST_TARGET_NAME = Ribbit;
				USES_XCTRUNNER = YES;
			};
			name = Release;
		};
/* End XCBuildConfiguration section */

/* Begin XCConfigurationList section */
		89EC6CB51C2349CE0034A68F /* Build configuration list for PBXProject "Ribbit" */ = {
			isa = XCConfigurationList;
			buildConfigurations = (
				89EC6CE51C2349CE0034A68F /* Debug */,
				89EC6CE61C2349CE0034A68F /* Release */,
			);
			defaultConfigurationIsVisible = 0;
			defaultConfigurationName = Release;
		};
		89EC6CE71C2349CE0034A68F /* Build configuration list for PBXNativeTarget "Ribbit" */ = {
			isa = XCConfigurationList;
			buildConfigurations = (
				89EC6CE81C2349CE0034A68F /* Debug */,
				89EC6CE91C2349CE0034A68F /* Release */,
			);
			defaultConfigurationIsVisible = 0;
			defaultConfigurationName = Release;
		};
		89EC6CEA1C2349CE0034A68F /* Build configuration list for PBXNativeTarget "RibbitTests" */ = {
			isa = XCConfigurationList;
			buildConfigurations = (
				89EC6CEB1C2349CE0034A68F /* Debug */,
				89EC6CEC1C2349CE0034A68F /* Release */,
			);
			defaultConfigurationIsVisible = 0;
			defaultConfigurationName = Release;
		};
		89EC6CED1C2349CE0034A68F /* Build configuration list for PBXNativeTarget "RibbitUITests" */ = {
			isa = XCConfigurationList;
			buildConfigurations = (
				89EC6CEE1C2349CE0034A68F /* Debug */,
				89EC6CEF1C2349CE0034A68F /* Release */,
			);
			defaultConfigurationIsVisible = 0;
			defaultConfigurationName = Release;
		};
/* End XCConfigurationList section */
	};
	rootObject = 89EC6CB21C2349CE0034A68F /* Project object */;
}
